
Microsoft Visual Studio Solution File, Format Version 12.00
# Visual Studio Version 17
VisualStudioVersion = 17.0.31903.59
MinimumVisualStudioVersion = 10.0.40219.1
Project("{2150E333-8FDC-42A3-9474-1A3956D46DE8}") = "src", "src", "{80AD4FBB-FF69-4BAD-B1DF-050C1C434D1C}"
EndProject
Project("{2150E333-8FDC-42A3-9474-1A3956D46DE8}") = "test", "test", "{445B28CB-4E1B-44CE-8AE7-F44DEB8A364E}"
EndProject
Project("{2150E333-8FDC-42A3-9474-1A3956D46DE8}") = "samples", "samples", "{D28833E4-EFAE-4616-AF4B-E0EE57BC63DF}"
EndProject
Project("{9A19103F-16F7-4668-BE54-9A1E7A4F7556}") = "Elmah.Io.Functions", "src\Elmah.Io.Functions\Elmah.Io.Functions.csproj", "{5F252A87-6964-4663-BFB5-8F9224D63132}"
EndProject
Project("{9A19103F-16F7-4668-BE54-9A1E7A4F7556}") = "Elmah.Io.Functions.TimerTrigger60", "samples\Elmah.Io.Functions.TimerTrigger60\Elmah.Io.Functions.TimerTrigger60.csproj", "{35A8B33E-0533-42E9-B31F-E48F96FA0B2C}"
EndProject
Project("{9A19103F-16F7-4668-BE54-9A1E7A4F7556}") = "Elmah.Io.Functions.Test", "test\Elmah.Io.Functions.Test\Elmah.Io.Functions.Test.csproj", "{461ABF30-9A36-4021-AA7B-43710E59923E}"
EndProject
Project("{FAE04EC0-301F-11D3-BF4B-00C04F79EFBC}") = "Elmah.Io.Functions.TimerTrigger80", "samples\Elmah.Io.Functions.TimerTrigger80\Elmah.Io.Functions.TimerTrigger80.csproj", "{A37DD18D-543D-4420-9B89-73E5465B54B0}"
EndProject
Project("{FAE04EC0-301F-11D3-BF4B-00C04F79EFBC}") = "Elmah.Io.Functions.HttpTrigger80", "samples\Elmah.Io.Functions.HttpTrigger80\Elmah.Io.Functions.HttpTrigger80.csproj", "{251A310C-F500-4130-94B2-ED304E9BDAFC}"
EndProject
Project("{FAE04EC0-301F-11D3-BF4B-00C04F79EFBC}") = "Elmah.Io.Functions.TimerTriggerWithHeartbeat80", "samples\Elmah.Io.Functions.TimerTriggerWithHeartbeat80\Elmah.Io.Functions.TimerTriggerWithHeartbeat80.csproj", "{9B0CAFF1-DBA2-442C-8D5D-CEF8390F2CB4}"
EndProject
Global
	GlobalSection(SolutionConfigurationPlatforms) = preSolution
		Debug|Any CPU = Debug|Any CPU
		Release|Any CPU = Release|Any CPU
	EndGlobalSection
	GlobalSection(ProjectConfigurationPlatforms) = postSolution
		{5F252A87-6964-4663-BFB5-8F9224D63132}.Debug|Any CPU.ActiveCfg = Debug|Any CPU
		{5F252A87-6964-4663-BFB5-8F9224D63132}.Debug|Any CPU.Build.0 = Debug|Any CPU
		{5F252A87-6964-4663-BFB5-8F9224D63132}.Release|Any CPU.ActiveCfg = Release|Any CPU
		{5F252A87-6964-4663-BFB5-8F9224D63132}.Release|Any CPU.Build.0 = Release|Any CPU
		{35A8B33E-0533-42E9-B31F-E48F96FA0B2C}.Debug|Any CPU.ActiveCfg = Debug|Any CPU
		{35A8B33E-0533-42E9-B31F-E48F96FA0B2C}.Debug|Any CPU.Build.0 = Debug|Any CPU
		{35A8B33E-0533-42E9-B31F-E48F96FA0B2C}.Release|Any CPU.ActiveCfg = Release|Any CPU
		{35A8B33E-0533-42E9-B31F-E48F96FA0B2C}.Release|Any CPU.Build.0 = Release|Any CPU
		{461ABF30-9A36-4021-AA7B-43710E59923E}.Debug|Any CPU.ActiveCfg = Debug|Any CPU
		{461ABF30-9A36-4021-AA7B-43710E59923E}.Debug|Any CPU.Build.0 = Debug|Any CPU
		{461ABF30-9A36-4021-AA7B-43710E59923E}.Release|Any CPU.ActiveCfg = Release|Any CPU
		{461ABF30-9A36-4021-AA7B-43710E59923E}.Release|Any CPU.Build.0 = Release|Any CPU
		{A37DD18D-543D-4420-9B89-73E5465B54B0}.Debug|Any CPU.ActiveCfg = Debug|Any CPU
		{A37DD18D-543D-4420-9B89-73E5465B54B0}.Debug|Any CPU.Build.0 = Debug|Any CPU
		{A37DD18D-543D-4420-9B89-73E5465B54B0}.Release|Any CPU.ActiveCfg = Release|Any CPU
		{A37DD18D-543D-4420-9B89-73E5465B54B0}.Release|Any CPU.Build.0 = Release|Any CPU
		{251A310C-F500-4130-94B2-ED304E9BDAFC}.Debug|Any CPU.ActiveCfg = Debug|Any CPU
		{251A310C-F500-4130-94B2-ED304E9BDAFC}.Debug|Any CPU.Build.0 = Debug|Any CPU
		{251A310C-F500-4130-94B2-ED304E9BDAFC}.Release|Any CPU.ActiveCfg = Release|Any CPU
		{251A310C-F500-4130-94B2-ED304E9BDAFC}.Release|Any CPU.Build.0 = Release|Any CPU
		{9B0CAFF1-DBA2-442C-8D5D-CEF8390F2CB4}.Debug|Any CPU.ActiveCfg = Debug|Any CPU
		{9B0CAFF1-DBA2-442C-8D5D-CEF8390F2CB4}.Debug|Any CPU.Build.0 = Debug|Any CPU
		{9B0CAFF1-DBA2-442C-8D5D-CEF8390F2CB4}.Release|Any CPU.ActiveCfg = Release|Any CPU
		{9B0CAFF1-DBA2-442C-8D5D-CEF8390F2CB4}.Release|Any CPU.Build.0 = Release|Any CPU
	EndGlobalSection
	GlobalSection(SolutionProperties) = preSolution
		HideSolutionNode = FALSE
	EndGlobalSection
	GlobalSection(NestedProjects) = preSolution
		{5F252A87-6964-4663-BFB5-8F9224D63132} = {80AD4FBB-FF69-4BAD-B1DF-050C1C434D1C}
		{35A8B33E-0533-42E9-B31F-E48F96FA0B2C} = {D28833E4-EFAE-4616-AF4B-E0EE57BC63DF}
		{461ABF30-9A36-4021-AA7B-43710E59923E} = {445B28CB-4E1B-44CE-8AE7-F44DEB8A364E}
		{A37DD18D-543D-4420-9B89-73E5465B54B0} = {D28833E4-EFAE-4616-AF4B-E0EE57BC63DF}
		{251A310C-F500-4130-94B2-ED304E9BDAFC} = {D28833E4-EFAE-4616-AF4B-E0EE57BC63DF}
		{9B0CAFF1-DBA2-442C-8D5D-CEF8390F2CB4} = {D28833E4-EFAE-4616-AF4B-E0EE57BC63DF}
	EndGlobalSection
	GlobalSection(ExtensibilityGlobals) = postSolution
		SolutionGuid = {549BEB48-E57E-4A17-A64A-153F0F02263C}
	EndGlobalSection
EndGlobal
